
Microsoft Visual Studio Solution File, Format Version 12.00
# Visual Studio 15
VisualStudioVersion = 15.0.27130.2026
MinimumVisualStudioVersion = 10.0.40219.1
Project("{FAE04EC0-301F-11D3-BF4B-00C04F79EFBC}") = "lab3", "lab3.csproj", "{6ECB1F64-C0F2-4B86-8E6F-E617E8F7910A}"
EndProject
Global
	GlobalSection(SolutionConfigurationPlatforms) = preSolution
		Debug|x86 = Debug|x86
		Release|x86 = Release|x86
	EndGlobalSection
	GlobalSection(ProjectConfigurationPlatforms) = postSolution
		{6ECB1F64-C0F2-4B86-8E6F-E617E8F7910A}.Debug|x86.ActiveCfg = Debug|x86
		{6ECB1F64-C0F2-4B86-8E6F-E617E8F7910A}.Debug|x86.Build.0 = Debug|x86
		{6ECB1F64-C0F2-4B86-8E6F-E617E8F7910A}.Release|x86.ActiveCfg = Release|x86
		{6ECB1F64-C0F2-4B86-8E6F-E617E8F7910A}.Release|x86.Build.0 = Release|x86
	EndGlobalSection
	GlobalSection(SolutionProperties) = preSolution
		HideSolutionNode = FALSE
	EndGlobalSection
	GlobalSection(ExtensibilityGlobals) = postSolution
		SolutionGuid = {F17533F1-3266-4F65-B9A3-BD91F5544AC8}
	EndGlobalSection
EndGlobal
