
Microsoft Visual Studio Solution File, Format Version 12.00
# Visual Studio 15
VisualStudioVersion = 15.0.26730.15
MinimumVisualStudioVersion = 10.0.40219.1
Project("{FAE04EC0-301F-11D3-BF4B-00C04F79EFBC}") = "lab7", "lab7.csproj", "{D6A612DE-0697-493A-B027-95CD5023783D}"
EndProject
Global
	GlobalSection(SolutionConfigurationPlatforms) = preSolution
		Debug|x86 = Debug|x86
		Release|x86 = Release|x86
	EndGlobalSection
	GlobalSection(ProjectConfigurationPlatforms) = postSolution
		{D6A612DE-0697-493A-B027-95CD5023783D}.Debug|x86.ActiveCfg = Debug|x86
		{D6A612DE-0697-493A-B027-95CD5023783D}.Debug|x86.Build.0 = Debug|x86
		{D6A612DE-0697-493A-B027-95CD5023783D}.Release|x86.ActiveCfg = Release|x86
		{D6A612DE-0697-493A-B027-95CD5023783D}.Release|x86.Build.0 = Release|x86
	EndGlobalSection
	GlobalSection(SolutionProperties) = preSolution
		HideSolutionNode = FALSE
	EndGlobalSection
	GlobalSection(ExtensibilityGlobals) = postSolution
		SolutionGuid = {EF57B60A-A86E-4C84-B601-5BBDB68C6AF1}
	EndGlobalSection
EndGlobal
