
Microsoft Visual Studio Solution File, Format Version 12.00
# Visual Studio 15
VisualStudioVersion = 15.0.26730.15
MinimumVisualStudioVersion = 10.0.40219.1
Project("{FAE04EC0-301F-11D3-BF4B-00C04F79EFBC}") = "lab6", "lab6.csproj", "{A6F61298-B9F6-461C-9BD5-82359B66387C}"
EndProject
Global
	GlobalSection(SolutionConfigurationPlatforms) = preSolution
		Debug|x86 = Debug|x86
		Release|x86 = Release|x86
	EndGlobalSection
	GlobalSection(ProjectConfigurationPlatforms) = postSolution
		{A6F61298-B9F6-461C-9BD5-82359B66387C}.Debug|x86.ActiveCfg = Debug|x86
		{A6F61298-B9F6-461C-9BD5-82359B66387C}.Debug|x86.Build.0 = Debug|x86
		{A6F61298-B9F6-461C-9BD5-82359B66387C}.Release|x86.ActiveCfg = Release|x86
		{A6F61298-B9F6-461C-9BD5-82359B66387C}.Release|x86.Build.0 = Release|x86
	EndGlobalSection
	GlobalSection(SolutionProperties) = preSolution
		HideSolutionNode = FALSE
	EndGlobalSection
	GlobalSection(ExtensibilityGlobals) = postSolution
		SolutionGuid = {B2A0404B-F461-449D-AF33-121D03B8006F}
	EndGlobalSection
EndGlobal
