
Microsoft Visual Studio Solution File, Format Version 12.00
# Visual Studio 15
VisualStudioVersion = 15.0.26730.15
MinimumVisualStudioVersion = 10.0.40219.1
Project("{FAE04EC0-301F-11D3-BF4B-00C04F79EFBC}") = "lab10", "lab10.csproj", "{AFF5240F-F376-450D-B124-1CBDB57ECA71}"
EndProject
Global
	GlobalSection(SolutionConfigurationPlatforms) = preSolution
		Debug|x86 = Debug|x86
		Release|x86 = Release|x86
	EndGlobalSection
	GlobalSection(ProjectConfigurationPlatforms) = postSolution
		{AFF5240F-F376-450D-B124-1CBDB57ECA71}.Debug|x86.ActiveCfg = Debug|x86
		{AFF5240F-F376-450D-B124-1CBDB57ECA71}.Debug|x86.Build.0 = Debug|x86
		{AFF5240F-F376-450D-B124-1CBDB57ECA71}.Release|x86.ActiveCfg = Release|x86
		{AFF5240F-F376-450D-B124-1CBDB57ECA71}.Release|x86.Build.0 = Release|x86
	EndGlobalSection
	GlobalSection(SolutionProperties) = preSolution
		HideSolutionNode = FALSE
	EndGlobalSection
	GlobalSection(ExtensibilityGlobals) = postSolution
		SolutionGuid = {4675321E-DA6D-4F3D-9B9F-D3743EE584BC}
	EndGlobalSection
EndGlobal
